schema: '2.0'
stages:
  RunExperiment:
    cmd: "python3 -c \"from run_experiment import RunExperiment; RunExperiment.load(name='RunExperiment').run_and_save()\"\
      \ "
    params:
      params.yaml:
        RunExperiment:
          num_exps: 30
          seed: 20
    outs:
    - path: nodes/RunExperiment/plot.csv
      md5: 38bd5694c08e53042d5d5a4c50f35af3
      size: 758
